// !$*UTF8*$!
{
	archiveVersion = 1;
	classes = {
	};
	objectVersion = 50;
	objects = {

/* Begin PBXBuildFile section */
		57829B7E26AF3C75003BF1B9 /* AppDelegate.swift in Sources */ = {isa = PBXBuildFile; fileRef = 57829B7D26AF3C75003BF1B9 /* AppDelegate.swift */; };
		57829B8026AF3C75003BF1B9 /* SceneDelegate.swift in Sources */ = {isa = PBXBuildFile; fileRef = 57829B7F26AF3C75003BF1B9 /* SceneDelegate.swift */; };
		57829B8526AF3C75003BF1B9 /* Main.storyboard in Resources */ = {isa = PBXBuildFile; fileRef = 57829B8326AF3C75003BF1B9 /* Main.storyboard */; };
		57829B8826AF3C75003BF1B9 /* JournalCoreData.xcdatamodeld in Sources */ = {isa = PBXBuildFile; fileRef = 57829B8626AF3C75003BF1B9 /* JournalCoreData.xcdatamodeld */; };
		57829B8A26AF3C77003BF1B9 /* Assets.xcassets in Resources */ = {isa = PBXBuildFile; fileRef = 57829B8926AF3C77003BF1B9 /* Assets.xcassets */; };
		57829B8D26AF3C77003BF1B9 /* LaunchScreen.storyboard in Resources */ = {isa = PBXBuildFile; fileRef = 57829B8B26AF3C77003BF1B9 /* LaunchScreen.storyboard */; };
		57829B9E26AF3DAB003BF1B9 /* CoreDataStack.swift in Sources */ = {isa = PBXBuildFile; fileRef = 57829B9D26AF3DAB003BF1B9 /* CoreDataStack.swift */; };
		57829BA026AF3E77003BF1B9 /* Entry+Convenience.swift in Sources */ = {isa = PBXBuildFile; fileRef = 57829B9F26AF3E77003BF1B9 /* Entry+Convenience.swift */; };
		57829BA226AF3FB2003BF1B9 /* EntryController.swift in Sources */ = {isa = PBXBuildFile; fileRef = 57829BA126AF3FB2003BF1B9 /* EntryController.swift */; };
		57829BA426AF4173003BF1B9 /* dateFomatter.swift in Sources */ = {isa = PBXBuildFile; fileRef = 57829BA326AF4173003BF1B9 /* dateFomatter.swift */; };
		57829BA626AF43DF003BF1B9 /* EntryListTableViewController.swift in Sources */ = {isa = PBXBuildFile; fileRef = 57829BA526AF43DF003BF1B9 /* EntryListTableViewController.swift */; };
		57829BA826AF4874003BF1B9 /* EntryDetailViewController.swift in Sources */ = {isa = PBXBuildFile; fileRef = 57829BA726AF4874003BF1B9 /* EntryDetailViewController.swift */; };
/* End PBXBuildFile section */

/* Begin PBXFileReference section */
		57829B7A26AF3C75003BF1B9 /* JournalCoreData.app */ = {isa = PBXFileReference; explicitFileType = wrapper.application; includeInIndex = 0; path = JournalCoreData.app; sourceTree = BUILT_PRODUCTS_DIR; };
		57829B7D26AF3C75003BF1B9 /* AppDelegate.swift */ = {isa = PBXFileReference; lastKnownFileType = sourcecode.swift; path = AppDelegate.swift; sourceTree = "<group>"; };
		57829B7F26AF3C75003BF1B9 /* SceneDelegate.swift */ = {isa = PBXFileReference; lastKnownFileType = sourcecode.swift; path = SceneDelegate.swift; sourceTree = "<group>"; };
		57829B8426AF3C75003BF1B9 /* Base */ = {isa = PBXFileReference; lastKnownFileType = file.storyboard; name = Base; path = Base.lproj/Main.storyboard; sourceTree = "<group>"; };
		57829B8726AF3C75003BF1B9 /* JournalCoreData.xcdatamodel */ = {isa = PBXFileReference; lastKnownFileType = wrapper.xcdatamodel; path = JournalCoreData.xcdatamodel; sourceTree = "<group>"; };
		57829B8926AF3C77003BF1B9 /* Assets.xcassets */ = {isa = PBXFileReference; lastKnownFileType = folder.assetcatalog; path = Assets.xcassets; sourceTree = "<group>"; };
		57829B8C26AF3C77003BF1B9 /* Base */ = {isa = PBXFileReference; lastKnownFileType = file.storyboard; name = Base; path = Base.lproj/LaunchScreen.storyboard; sourceTree = "<group>"; };
		57829B8E26AF3C77003BF1B9 /* Info.plist */ = {isa = PBXFileReference; lastKnownFileType = text.plist.xml; path = Info.plist; sourceTree = "<group>"; };
		57829B9D26AF3DAB003BF1B9 /* CoreDataStack.swift */ = {isa = PBXFileReference; lastKnownFileType = sourcecode.swift; path = CoreDataStack.swift; sourceTree = "<group>"; };
		57829B9F26AF3E77003BF1B9 /* Entry+Convenience.swift */ = {isa = PBXFileReference; lastKnownFileType = sourcecode.swift; path = "Entry+Convenience.swift"; sourceTree = "<group>"; };
		57829BA126AF3FB2003BF1B9 /* EntryController.swift */ = {isa = PBXFileReference; lastKnownFileType = sourcecode.swift; path = EntryController.swift; sourceTree = "<group>"; };
		57829BA326AF4173003BF1B9 /* dateFomatter.swift */ = {isa = PBXFileReference; lastKnownFileType = sourcecode.swift; path = dateFomatter.swift; sourceTree = "<group>"; };
		57829BA526AF43DF003BF1B9 /* EntryListTableViewController.swift */ = {isa = PBXFileReference; lastKnownFileType = sourcecode.swift; path = EntryListTableViewController.swift; sourceTree = "<group>"; };
		57829BA726AF4874003BF1B9 /* EntryDetailViewController.swift */ = {isa = PBXFileReference; lastKnownFileType = sourcecode.swift; path = EntryDetailViewController.swift; sourceTree = "<group>"; };
/* End PBXFileReference section */

/* Begin PBXFrameworksBuildPhase section */
		57829B7726AF3C75003BF1B9 /* Frameworks */ = {
			isa = PBXFrameworksBuildPhase;
			buildActionMask = 2147483647;
			files = (
			);
			runOnlyForDeploymentPostprocessing = 0;
		};
/* End PBXFrameworksBuildPhase section */

/* Begin PBXGroup section */
		57829B7126AF3C75003BF1B9 = {
			isa = PBXGroup;
			children = (
				57829B7C26AF3C75003BF1B9 /* JournalCoreData */,
				57829B7B26AF3C75003BF1B9 /* Products */,
			);
			sourceTree = "<group>";
		};
		57829B7B26AF3C75003BF1B9 /* Products */ = {
			isa = PBXGroup;
			children = (
				57829B7A26AF3C75003BF1B9 /* JournalCoreData.app */,
			);
			name = Products;
			sourceTree = "<group>";
		};
		57829B7C26AF3C75003BF1B9 /* JournalCoreData */ = {
			isa = PBXGroup;
			children = (
				57829B9526AF3CB4003BF1B9 /* CoreData */,
				57829B9A26AF3D1A003BF1B9 /* Controllers */,
				57829B9726AF3CDD003BF1B9 /* Views */,
				57829B9626AF3CC8003BF1B9 /* Helper+Extensions */,
				57829B9426AF3CA1003BF1B9 /* Resources */,
			);
			path = JournalCoreData;
			sourceTree = "<group>";
		};
		57829B9426AF3CA1003BF1B9 /* Resources */ = {
			isa = PBXGroup;
			children = (
				57829B7D26AF3C75003BF1B9 /* AppDelegate.swift */,
				57829B7F26AF3C75003BF1B9 /* SceneDelegate.swift */,
				57829B8926AF3C77003BF1B9 /* Assets.xcassets */,
				57829B8E26AF3C77003BF1B9 /* Info.plist */,
			);
			path = Resources;
			sourceTree = "<group>";
		};
		57829B9526AF3CB4003BF1B9 /* CoreData */ = {
			isa = PBXGroup;
			children = (
				57829B8626AF3C75003BF1B9 /* JournalCoreData.xcdatamodeld */,
				57829B9D26AF3DAB003BF1B9 /* CoreDataStack.swift */,
				57829B9F26AF3E77003BF1B9 /* Entry+Convenience.swift */,
			);
			path = CoreData;
			sourceTree = "<group>";
		};
		57829B9626AF3CC8003BF1B9 /* Helper+Extensions */ = {
			isa = PBXGroup;
			children = (
				57829BA326AF4173003BF1B9 /* dateFomatter.swift */,
			);
			path = "Helper+Extensions";
			sourceTree = "<group>";
		};
		57829B9726AF3CDD003BF1B9 /* Views */ = {
			isa = PBXGroup;
			children = (
				57829B9926AF3CF3003BF1B9 /* Custom Views */,
				57829B9826AF3CE9003BF1B9 /* StoryBoards */,
			);
			path = Views;
			sourceTree = "<group>";
		};
		57829B9826AF3CE9003BF1B9 /* StoryBoards */ = {
			isa = PBXGroup;
			children = (
				57829B8326AF3C75003BF1B9 /* Main.storyboard */,
				57829B8B26AF3C77003BF1B9 /* LaunchScreen.storyboard */,
			);
			path = StoryBoards;
			sourceTree = "<group>";
		};
		57829B9926AF3CF3003BF1B9 /* Custom Views */ = {
			isa = PBXGroup;
			children = (
			);
			path = "Custom Views";
			sourceTree = "<group>";
		};
		57829B9A26AF3D1A003BF1B9 /* Controllers */ = {
			isa = PBXGroup;
			children = (
				57829B9C26AF3D33003BF1B9 /* Model Controller */,
				57829B9B26AF3D2C003BF1B9 /* View Controller */,
			);
			path = Controllers;
			sourceTree = "<group>";
		};
		57829B9B26AF3D2C003BF1B9 /* View Controller */ = {
			isa = PBXGroup;
			children = (
				57829BA526AF43DF003BF1B9 /* EntryListTableViewController.swift */,
				57829BA726AF4874003BF1B9 /* EntryDetailViewController.swift */,
			);
			path = "View Controller";
			sourceTree = "<group>";
		};
		57829B9C26AF3D33003BF1B9 /* Model Controller */ = {
			isa = PBXGroup;
			children = (
				57829BA126AF3FB2003BF1B9 /* EntryController.swift */,
			);
			path = "Model Controller";
			sourceTree = "<group>";
		};
/* End PBXGroup section */

/* Begin PBXNativeTarget section */
		57829B7926AF3C75003BF1B9 /* JournalCoreData */ = {
			isa = PBXNativeTarget;
			buildConfigurationList = 57829B9126AF3C77003BF1B9 /* Build configuration list for PBXNativeTarget "JournalCoreData" */;
			buildPhases = (
				57829B7626AF3C75003BF1B9 /* Sources */,
				57829B7726AF3C75003BF1B9 /* Frameworks */,
				57829B7826AF3C75003BF1B9 /* Resources */,
			);
			buildRules = (
			);
			dependencies = (
			);
			name = JournalCoreData;
			productName = JournalCoreData;
			productReference = 57829B7A26AF3C75003BF1B9 /* JournalCoreData.app */;
			productType = "com.apple.product-type.application";
		};
/* End PBXNativeTarget section */

/* Begin PBXProject section */
		57829B7226AF3C75003BF1B9 /* Project object */ = {
			isa = PBXProject;
			attributes = {
				LastSwiftUpdateCheck = 1250;
				LastUpgradeCheck = 1250;
				TargetAttributes = {
					57829B7926AF3C75003BF1B9 = {
						CreatedOnToolsVersion = 12.5.1;
					};
				};
			};
			buildConfigurationList = 57829B7526AF3C75003BF1B9 /* Build configuration list for PBXProject "JournalCoreData" */;
			compatibilityVersion = "Xcode 9.3";
			developmentRegion = en;
			hasScannedForEncodings = 0;
			knownRegions = (
				en,
				Base,
			);
			mainGroup = 57829B7126AF3C75003BF1B9;
			productRefGroup = 57829B7B26AF3C75003BF1B9 /* Products */;
			projectDirPath = "";
			projectRoot = "";
			targets = (
				57829B7926AF3C75003BF1B9 /* JournalCoreData */,
			);
		};
/* End PBXProject section */

/* Begin PBXResourcesBuildPhase section */
		57829B7826AF3C75003BF1B9 /* Resources */ = {
			isa = PBXResourcesBuildPhase;
			buildActionMask = 2147483647;
			files = (
				57829B8D26AF3C77003BF1B9 /* LaunchScreen.storyboard in Resources */,
				57829B8A26AF3C77003BF1B9 /* Assets.xcassets in Resources */,
				57829B8526AF3C75003BF1B9 /* Main.storyboard in Resources */,
			);
			runOnlyForDeploymentPostprocessing = 0;
		};
/* End PBXResourcesBuildPhase section */

/* Begin PBXSourcesBuildPhase section */
		57829B7626AF3C75003BF1B9 /* Sources */ = {
			isa = PBXSourcesBuildPhase;
			buildActionMask = 2147483647;
			files = (
				57829BA226AF3FB2003BF1B9 /* EntryController.swift in Sources */,
				57829B7E26AF3C75003BF1B9 /* AppDelegate.swift in Sources */,
				57829BA626AF43DF003BF1B9 /* EntryListTableViewController.swift in Sources */,
				57829B8826AF3C75003BF1B9 /* JournalCoreData.xcdatamodeld in Sources */,
				57829B8026AF3C75003BF1B9 /* SceneDelegate.swift in Sources */,
				57829B9E26AF3DAB003BF1B9 /* CoreDataStack.swift in Sources */,
				57829BA026AF3E77003BF1B9 /* Entry+Convenience.swift in Sources */,
				57829BA826AF4874003BF1B9 /* EntryDetailViewController.swift in Sources */,
				57829BA426AF4173003BF1B9 /* dateFomatter.swift in Sources */,
			);
			runOnlyForDeploymentPostprocessing = 0;
		};
/* End PBXSourcesBuildPhase section */

/* Begin PBXVariantGroup section */
		57829B8326AF3C75003BF1B9 /* Main.storyboard */ = {
			isa = PBXVariantGroup;
			children = (
				57829B8426AF3C75003BF1B9 /* Base */,
			);
			name = Main.storyboard;
			sourceTree = "<group>";
		};
		57829B8B26AF3C77003BF1B9 /* LaunchScreen.storyboard */ = {
			isa = PBXVariantGroup;
			children = (
				57829B8C26AF3C77003BF1B9 /* Base */,
			);
			name = LaunchScreen.storyboard;
			sourceTree = "<group>";
		};
/* End PBXVariantGroup section */

/* Begin XCBuildConfiguration section */
		57829B8F26AF3C77003BF1B9 /* Debug */ = {
			isa = XCBuildConfiguration;
			buildSettings = {
				ALWAYS_SEARCH_USER_PATHS = NO;
				CLANG_ANALYZER_NONNULL = YES;
				CLANG_ANALYZER_NUMBER_OBJECT_CONVERSION = YES_AGGRESSIVE;
				CLANG_CXX_LANGUAGE_STANDARD = "gnu++14";
				CLANG_CXX_LIBRARY = "libc++";
				CLANG_ENABLE_MODULES = YES;
				CLANG_ENABLE_OBJC_ARC = YES;
				CLANG_ENABLE_OBJC_WEAK = YES;
				CLANG_WARN_BLOCK_CAPTURE_AUTORELEASING = YES;
				CLANG_WARN_BOOL_CONVERSION = YES;
				CLANG_WARN_COMMA = YES;
				CLANG_WARN_CONSTANT_CONVERSION = YES;
				CLANG_WARN_DEPRECATED_OBJC_IMPLEMENTATIONS = YES;
				CLANG_WARN_DIRECT_OBJC_ISA_USAGE = YES_ERROR;
				CLANG_WARN_DOCUMENTATION_COMMENTS = YES;
				CLANG_WARN_EMPTY_BODY = YES;
				CLANG_WARN_ENUM_CONVERSION = YES;
				CLANG_WARN_INFINITE_RECURSION = YES;
				CLANG_WARN_INT_CONVERSION = YES;
				CLANG_WARN_NON_LITERAL_NULL_CONVERSION = YES;
				CLANG_WARN_OBJC_IMPLICIT_RETAIN_SELF = YES;
				CLANG_WARN_OBJC_LITERAL_CONVERSION = YES;
				CLANG_WARN_OBJC_ROOT_CLASS = YES_ERROR;
				CLANG_WARN_QUOTED_INCLUDE_IN_FRAMEWORK_HEADER = YES;
				CLANG_WARN_RANGE_LOOP_ANALYSIS = YES;
				CLANG_WARN_STRICT_PROTOTYPES = YES;
				CLANG_WARN_SUSPICIOUS_MOVE = YES;
				CLANG_WARN_UNGUARDED_AVAILABILITY = YES_AGGRESSIVE;
				CLANG_WARN_UNREACHABLE_CODE = YES;
				CLANG_WARN__DUPLICATE_METHOD_MATCH = YES;
				COPY_PHASE_STRIP = NO;
				DEBUG_INFORMATION_FORMAT = dwarf;
				ENABLE_STRICT_OBJC_MSGSEND = YES;
				ENABLE_TESTABILITY = YES;
				GCC_C_LANGUAGE_STANDARD = gnu11;
				GCC_DYNAMIC_NO_PIC = NO;
				GCC_NO_COMMON_BLOCKS = YES;
				GCC_OPTIMIZATION_LEVEL = 0;
				GCC_PREPROCESSOR_DEFINITIONS = (
					"DEBUG=1",
					"$(inherited)",
				);
				GCC_WARN_64_TO_32_BIT_CONVERSION = YES;
				GCC_WARN_ABOUT_RETURN_TYPE = YES_ERROR;
				GCC_WARN_UNDECLARED_SELECTOR = YES;
				GCC_WARN_UNINITIALIZED_AUTOS = YES_AGGRESSIVE;
				GCC_WARN_UNUSED_FUNCTION = YES;
				GCC_WARN_UNUSED_VARIABLE = YES;
				IPHONEOS_DEPLOYMENT_TARGET = 14.5;
				MTL_ENABLE_DEBUG_INFO = INCLUDE_SOURCE;
				MTL_FAST_MATH = YES;
				ONLY_ACTIVE_ARCH = YES;
				SDKROOT = iphoneos;
				SWIFT_ACTIVE_COMPILATION_CONDITIONS = DEBUG;
				SWIFT_OPTIMIZATION_LEVEL = "-Onone";
			};
			name = Debug;
		};
		57829B9026AF3C77003BF1B9 /* Release */ = {
			isa = XCBuildConfiguration;
			buildSettings = {
				ALWAYS_SEARCH_USER_PATHS = NO;
				CLANG_ANALYZER_NONNULL = YES;
				CLANG_ANALYZER_NUMBER_OBJECT_CONVERSION = YES_AGGRESSIVE;
				CLANG_CXX_LANGUAGE_STANDARD = "gnu++14";
				CLANG_CXX_LIBRARY = "libc++";
				CLANG_ENABLE_MODULES = YES;
				CLANG_ENABLE_OBJC_ARC = YES;
				CLANG_ENABLE_OBJC_WEAK = YES;
				CLANG_WARN_BLOCK_CAPTURE_AUTORELEASING = YES;
				CLANG_WARN_BOOL_CONVERSION = YES;
				CLANG_WARN_COMMA = YES;
				CLANG_WARN_CONSTANT_CONVERSION = YES;
				CLANG_WARN_DEPRECATED_OBJC_IMPLEMENTATIONS = YES;
				CLANG_WARN_DIRECT_OBJC_ISA_USAGE = YES_ERROR;
				CLANG_WARN_DOCUMENTATION_COMMENTS = YES;
				CLANG_WARN_EMPTY_BODY = YES;
				CLANG_WARN_ENUM_CONVERSION = YES;
				CLANG_WARN_INFINITE_RECURSION = YES;
				CLANG_WARN_INT_CONVERSION = YES;
				CLANG_WARN_NON_LITERAL_NULL_CONVERSION = YES;
				CLANG_WARN_OBJC_IMPLICIT_RETAIN_SELF = YES;
				CLANG_WARN_OBJC_LITERAL_CONVERSION = YES;
				CLANG_WARN_OBJC_ROOT_CLASS = YES_ERROR;
				CLANG_WARN_QUOTED_INCLUDE_IN_FRAMEWORK_HEADER = YES;
				CLANG_WARN_RANGE_LOOP_ANALYSIS = YES;
				CLANG_WARN_STRICT_PROTOTYPES = YES;
				CLANG_WARN_SUSPICIOUS_MOVE = YES;
				CLANG_WARN_UNGUARDED_AVAILABILITY = YES_AGGRESSIVE;
				CLANG_WARN_UNREACHABLE_CODE = YES;
				CLANG_WARN__DUPLICATE_METHOD_MATCH = YES;
				COPY_PHASE_STRIP = NO;
				DEBUG_INFORMATION_FORMAT = "dwarf-with-dsym";
				ENABLE_NS_ASSERTIONS = NO;
				ENABLE_STRICT_OBJC_MSGSEND = YES;
				GCC_C_LANGUAGE_STANDARD = gnu11;
				GCC_NO_COMMON_BLOCKS = YES;
				GCC_WARN_64_TO_32_BIT_CONVERSION = YES;
				GCC_WARN_ABOUT_RETURN_TYPE = YES_ERROR;
				GCC_WARN_UNDECLARED_SELECTOR = YES;
				GCC_WARN_UNINITIALIZED_AUTOS = YES_AGGRESSIVE;
				GCC_WARN_UNUSED_FUNCTION = YES;
				GCC_WARN_UNUSED_VARIABLE = YES;
				IPHONEOS_DEPLOYMENT_TARGET = 14.5;
				MTL_ENABLE_DEBUG_INFO = NO;
				MTL_FAST_MATH = YES;
				SDKROOT = iphoneos;
				SWIFT_COMPILATION_MODE = wholemodule;
				SWIFT_OPTIMIZATION_LEVEL = "-O";
				VALIDATE_PRODUCT = YES;
			};
			name = Release;
		};
		57829B9226AF3C77003BF1B9 /* Debug */ = {
			isa = XCBuildConfiguration;
			buildSettings = {
				ASSETCATALOG_COMPILER_APPICON_NAME = AppIcon;
				ASSETCATALOG_COMPILER_GLOBAL_ACCENT_COLOR_NAME = AccentColor;
				CODE_SIGN_STYLE = Automatic;
				DEVELOPMENT_TEAM = SB3Q7W7XN7;
				INFOPLIST_FILE = JournalCoreData/Resources/Info.plist;
				LD_RUNPATH_SEARCH_PATHS = (
					"$(inherited)",
					"@executable_path/Frameworks",
				);
				PRODUCT_BUNDLE_IDENTIFIER = com.ChandlerCreates.JournalCoreData;
				PRODUCT_NAME = "$(TARGET_NAME)";
				SWIFT_VERSION = 5.0;
				TARGETED_DEVICE_FAMILY = "1,2";
			};
			name = Debug;
		};
		57829B9326AF3C77003BF1B9 /* Release */ = {
			isa = XCBuildConfiguration;
			buildSettings = {
				ASSETCATALOG_COMPILER_APPICON_NAME = AppIcon;
				ASSETCATALOG_COMPILER_GLOBAL_ACCENT_COLOR_NAME = AccentColor;
				CODE_SIGN_STYLE = Automatic;
				DEVELOPMENT_TEAM = SB3Q7W7XN7;
				INFOPLIST_FILE = JournalCoreData/Resources/Info.plist;
				LD_RUNPATH_SEARCH_PATHS = (
					"$(inherited)",
					"@executable_path/Frameworks",
				);
				PRODUCT_BUNDLE_IDENTIFIER = com.ChandlerCreates.JournalCoreData;
				PRODUCT_NAME = "$(TARGET_NAME)";
				SWIFT_VERSION = 5.0;
				TARGETED_DEVICE_FAMILY = "1,2";
			};
			name = Release;
		};
/* End XCBuildConfiguration section */

/* Begin XCConfigurationList section */
		57829B7526AF3C75003BF1B9 /* Build configuration list for PBXProject "JournalCoreData" */ = {
			isa = XCConfigurationList;
			buildConfigurations = (
				57829B8F26AF3C77003BF1B9 /* Debug */,
				57829B9026AF3C77003BF1B9 /* Release */,
			);
			defaultConfigurationIsVisible = 0;
			defaultConfigurationName = Release;
		};
		57829B9126AF3C77003BF1B9 /* Build configuration list for PBXNativeTarget "JournalCoreData" */ = {
			isa = XCConfigurationList;
			buildConfigurations = (
				57829B9226AF3C77003BF1B9 /* Debug */,
				57829B9326AF3C77003BF1B9 /* Release */,
			);
			defaultConfigurationIsVisible = 0;
			defaultConfigurationName = Release;
		};
/* End XCConfigurationList section */

/* Begin XCVersionGroup section */
		57829B8626AF3C75003BF1B9 /* JournalCoreData.xcdatamodeld */ = {
			isa = XCVersionGroup;
			children = (
				57829B8726AF3C75003BF1B9 /* JournalCoreData.xcdatamodel */,
			);
			currentVersion = 57829B8726AF3C75003BF1B9 /* JournalCoreData.xcdatamodel */;
			path = JournalCoreData.xcdatamodeld;
			sourceTree = "<group>";
			versionGroupType = wrapper.xcdatamodel;
		};
/* End XCVersionGroup section */
	};
	rootObject = 57829B7226AF3C75003BF1B9 /* Project object */;
}
